
Microsoft Visual Studio Solution File, Format Version 12.00
# Visual Studio Version 17
VisualStudioVersion = 17.2.32519.379
MinimumVisualStudioVersion = 10.0.40219.1
Project("{9A19103F-16F7-4668-BE54-9A1E7A4F7556}") = "TFWebService.Data", "TFWebService.Data\TFWebService.Data.csproj", "{00CC8912-531F-40A6-BDE4-09232AD390C8}"
EndProject
Project("{9A19103F-16F7-4668-BE54-9A1E7A4F7556}") = "TFWebService.Repo", "TFWebService.Repo\TFWebService.Repo.csproj", "{F7525A25-A824-4E01-8436-51D9D753AB21}"
EndProject
Project("{9A19103F-16F7-4668-BE54-9A1E7A4F7556}") = "TFWebService.Common", "TFWebService.Common\TFWebService.Common.csproj", "{E907BD05-337A-4974-BA38-155591E4A124}"
EndProject
Project("{9A19103F-16F7-4668-BE54-9A1E7A4F7556}") = "TFWebService.Services", "TFWebService.Services\TFWebService.Services.csproj", "{5356FB03-5DAB-4DCD-A737-82B64A6FD227}"
EndProject
Project("{9A19103F-16F7-4668-BE54-9A1E7A4F7556}") = "TFWebService.Presenter", "TFWebService.Presenter\TFWebService.Presenter.csproj", "{C2E2ED71-182F-462B-8A54-23ADD0EAA665}"
EndProject
Project("{9A19103F-16F7-4668-BE54-9A1E7A4F7556}") = "TFWebService.Test", "TFWebService.Test\TFWebService.Test.csproj", "{6D0F169C-92D1-4A16-815F-79360BBF5BCD}"
EndProject
Project("{FAE04EC0-301F-11D3-BF4B-00C04F79EFBC}") = "testCode", "testCode\testCode.csproj", "{6BD00828-52A5-481A-AC97-F2AD34A2DE81}"
EndProject
Global
	GlobalSection(SolutionConfigurationPlatforms) = preSolution
		Debug|Any CPU = Debug|Any CPU
		Release|Any CPU = Release|Any CPU
	EndGlobalSection
	GlobalSection(ProjectConfigurationPlatforms) = postSolution
		{00CC8912-531F-40A6-BDE4-09232AD390C8}.Debug|Any CPU.ActiveCfg = Debug|Any CPU
		{00CC8912-531F-40A6-BDE4-09232AD390C8}.Debug|Any CPU.Build.0 = Debug|Any CPU
		{00CC8912-531F-40A6-BDE4-09232AD390C8}.Release|Any CPU.ActiveCfg = Release|Any CPU
		{00CC8912-531F-40A6-BDE4-09232AD390C8}.Release|Any CPU.Build.0 = Release|Any CPU
		{F7525A25-A824-4E01-8436-51D9D753AB21}.Debug|Any CPU.ActiveCfg = Debug|Any CPU
		{F7525A25-A824-4E01-8436-51D9D753AB21}.Debug|Any CPU.Build.0 = Debug|Any CPU
		{F7525A25-A824-4E01-8436-51D9D753AB21}.Release|Any CPU.ActiveCfg = Release|Any CPU
		{F7525A25-A824-4E01-8436-51D9D753AB21}.Release|Any CPU.Build.0 = Release|Any CPU
		{E907BD05-337A-4974-BA38-155591E4A124}.Debug|Any CPU.ActiveCfg = Debug|Any CPU
		{E907BD05-337A-4974-BA38-155591E4A124}.Debug|Any CPU.Build.0 = Debug|Any CPU
		{E907BD05-337A-4974-BA38-155591E4A124}.Release|Any CPU.ActiveCfg = Release|Any CPU
		{E907BD05-337A-4974-BA38-155591E4A124}.Release|Any CPU.Build.0 = Release|Any CPU
		{5356FB03-5DAB-4DCD-A737-82B64A6FD227}.Debug|Any CPU.ActiveCfg = Debug|Any CPU
		{5356FB03-5DAB-4DCD-A737-82B64A6FD227}.Debug|Any CPU.Build.0 = Debug|Any CPU
		{5356FB03-5DAB-4DCD-A737-82B64A6FD227}.Release|Any CPU.ActiveCfg = Release|Any CPU
		{5356FB03-5DAB-4DCD-A737-82B64A6FD227}.Release|Any CPU.Build.0 = Release|Any CPU
		{C2E2ED71-182F-462B-8A54-23ADD0EAA665}.Debug|Any CPU.ActiveCfg = Debug|Any CPU
		{C2E2ED71-182F-462B-8A54-23ADD0EAA665}.Debug|Any CPU.Build.0 = Debug|Any CPU
		{C2E2ED71-182F-462B-8A54-23ADD0EAA665}.Release|Any CPU.ActiveCfg = Release|Any CPU
		{C2E2ED71-182F-462B-8A54-23ADD0EAA665}.Release|Any CPU.Build.0 = Release|Any CPU
		{6D0F169C-92D1-4A16-815F-79360BBF5BCD}.Debug|Any CPU.ActiveCfg = Debug|Any CPU
		{6D0F169C-92D1-4A16-815F-79360BBF5BCD}.Debug|Any CPU.Build.0 = Debug|Any CPU
		{6D0F169C-92D1-4A16-815F-79360BBF5BCD}.Release|Any CPU.ActiveCfg = Release|Any CPU
		{6D0F169C-92D1-4A16-815F-79360BBF5BCD}.Release|Any CPU.Build.0 = Release|Any CPU
		{6BD00828-52A5-481A-AC97-F2AD34A2DE81}.Debug|Any CPU.ActiveCfg = Debug|Any CPU
		{6BD00828-52A5-481A-AC97-F2AD34A2DE81}.Debug|Any CPU.Build.0 = Debug|Any CPU
		{6BD00828-52A5-481A-AC97-F2AD34A2DE81}.Release|Any CPU.ActiveCfg = Release|Any CPU
		{6BD00828-52A5-481A-AC97-F2AD34A2DE81}.Release|Any CPU.Build.0 = Release|Any CPU
	EndGlobalSection
	GlobalSection(SolutionProperties) = preSolution
		HideSolutionNode = FALSE
	EndGlobalSection
	GlobalSection(ExtensibilityGlobals) = postSolution
		SolutionGuid = {B70902A3-8596-48E6-8AAF-523403B087F7}
	EndGlobalSection
EndGlobal
